
Microsoft Visual Studio Solution File, Format Version 12.00
# Visual Studio Version 17
VisualStudioVersion = 17.0.31903.59
MinimumVisualStudioVersion = 10.0.40219.1
Project("{2150E333-8FDC-42A3-9474-1A3956D46DE8}") = "src", "src", "{7AE34F65-D84D-4CFF-B1D8-94AA343737B3}"
EndProject
Project("{FAE04EC0-301F-11D3-BF4B-00C04F79EFBC}") = "UltimaMilla.Domain", "src\Domain\UltimaMilla.Domain.csproj", "{F65C9245-83E0-4EF9-9401-7E45A69AF8C4}"
EndProject
Project("{FAE04EC0-301F-11D3-BF4B-00C04F79EFBC}") = "UltimaMilla.Application", "src\Application\UltimaMilla.Application.csproj", "{C86A75D5-4710-47EC-9AFC-5BE09E245AA2}"
EndProject
Project("{FAE04EC0-301F-11D3-BF4B-00C04F79EFBC}") = "UltimaMilla.Infrastructure", "src\Infrastructure\UltimaMilla.Infrastructure.csproj", "{233DFC8C-3317-4913-AD39-0528856EA467}"
EndProject
Project("{FAE04EC0-301F-11D3-BF4B-00C04F79EFBC}") = "UltimaMilla.Api", "src\Api\UltimaMilla.Api.csproj", "{31B64BEE-F401-43A3-81F0-8BEE40DB52F3}"
EndProject
Project("{2150E333-8FDC-42A3-9474-1A3956D46DE8}") = "Web", "Web", "{C13192CC-C0BA-4761-BEA8-2E0801CFAFEC}"
EndProject
Project("{FAE04EC0-301F-11D3-BF4B-00C04F79EFBC}") = "UltimaMilla.Backoffice", "src\Web\Backoffice\UltimaMilla.Backoffice.csproj", "{3C95F8D9-1A4C-4548-B9EF-470DE5EBC826}"
EndProject
Project("{FAE04EC0-301F-11D3-BF4B-00C04F79EFBC}") = "UltimaMilla.PortalComercio", "src\Web\PortalComercio\UltimaMilla.PortalComercio.csproj", "{CD4C6DC2-F219-4B02-BE0A-BC34935FC5F4}"
EndProject
Project("{FAE04EC0-301F-11D3-BF4B-00C04F79EFBC}") = "UltimaMilla.Worker", "src\Worker\UltimaMilla.Worker.csproj", "{94C50642-8EFF-47BB-87E6-7A180A9A22BF}"
EndProject
Project("{2150E333-8FDC-42A3-9474-1A3956D46DE8}") = "tests", "tests", "{4C46DFD5-5B54-45C5-9EEA-176CB2FEEC3A}"
EndProject
Project("{FAE04EC0-301F-11D3-BF4B-00C04F79EFBC}") = "UltimaMilla.Domain.Tests", "tests\UltimaMilla.Domain.Tests\UltimaMilla.Domain.Tests.csproj", "{9E86FBF4-406F-4B17-BA92-0931D2B95DF8}"
EndProject
Project("{2150E333-8FDC-42A3-9474-1A3956D46DE8}") = "Mobile", "Mobile", "{E0FC68D3-40F2-542A-6A90-38B94336C1AE}"
EndProject
Project("{FAE04EC0-301F-11D3-BF4B-00C04F79EFBC}") = "UltimaMilla.Mobile", "src\Mobile\UltimaMilla.Mobile\UltimaMilla.Mobile.csproj", "{15E1051E-379F-40AD-953B-C76022A80873}"
EndProject
Global
	GlobalSection(SolutionConfigurationPlatforms) = preSolution
		Debug|Any CPU = Debug|Any CPU
		Debug|x64 = Debug|x64
		Debug|x86 = Debug|x86
		Release|Any CPU = Release|Any CPU
		Release|x64 = Release|x64
		Release|x86 = Release|x86
	EndGlobalSection
	GlobalSection(ProjectConfigurationPlatforms) = postSolution
		{F65C9245-83E0-4EF9-9401-7E45A69AF8C4}.Debug|Any CPU.ActiveCfg = Debug|Any CPU
		{F65C9245-83E0-4EF9-9401-7E45A69AF8C4}.Debug|Any CPU.Build.0 = Debug|Any CPU
		{F65C9245-83E0-4EF9-9401-7E45A69AF8C4}.Debug|x64.ActiveCfg = Debug|Any CPU
		{F65C9245-83E0-4EF9-9401-7E45A69AF8C4}.Debug|x64.Build.0 = Debug|Any CPU
		{F65C9245-83E0-4EF9-9401-7E45A69AF8C4}.Debug|x86.ActiveCfg = Debug|Any CPU
		{F65C9245-83E0-4EF9-9401-7E45A69AF8C4}.Debug|x86.Build.0 = Debug|Any CPU
		{F65C9245-83E0-4EF9-9401-7E45A69AF8C4}.Release|Any CPU.ActiveCfg = Release|Any CPU
		{F65C9245-83E0-4EF9-9401-7E45A69AF8C4}.Release|Any CPU.Build.0 = Release|Any CPU
		{F65C9245-83E0-4EF9-9401-7E45A69AF8C4}.Release|x64.ActiveCfg = Release|Any CPU
		{F65C9245-83E0-4EF9-9401-7E45A69AF8C4}.Release|x64.Build.0 = Release|Any CPU
		{F65C9245-83E0-4EF9-9401-7E45A69AF8C4}.Release|x86.ActiveCfg = Release|Any CPU
		{F65C9245-83E0-4EF9-9401-7E45A69AF8C4}.Release|x86.Build.0 = Release|Any CPU
		{C86A75D5-4710-47EC-9AFC-5BE09E245AA2}.Debug|Any CPU.ActiveCfg = Debug|Any CPU
		{C86A75D5-4710-47EC-9AFC-5BE09E245AA2}.Debug|Any CPU.Build.0 = Debug|Any CPU
		{C86A75D5-4710-47EC-9AFC-5BE09E245AA2}.Debug|x64.ActiveCfg = Debug|Any CPU
		{C86A75D5-4710-47EC-9AFC-5BE09E245AA2}.Debug|x64.Build.0 = Debug|Any CPU
		{C86A75D5-4710-47EC-9AFC-5BE09E245AA2}.Debug|x86.ActiveCfg = Debug|Any CPU
		{C86A75D5-4710-47EC-9AFC-5BE09E245AA2}.Debug|x86.Build.0 = Debug|Any CPU
		{C86A75D5-4710-47EC-9AFC-5BE09E245AA2}.Release|Any CPU.ActiveCfg = Release|Any CPU
		{C86A75D5-4710-47EC-9AFC-5BE09E245AA2}.Release|Any CPU.Build.0 = Release|Any CPU
		{C86A75D5-4710-47EC-9AFC-5BE09E245AA2}.Release|x64.ActiveCfg = Release|Any CPU
		{C86A75D5-4710-47EC-9AFC-5BE09E245AA2}.Release|x64.Build.0 = Release|Any CPU
		{C86A75D5-4710-47EC-9AFC-5BE09E245AA2}.Release|x86.ActiveCfg = Release|Any CPU
		{C86A75D5-4710-47EC-9AFC-5BE09E245AA2}.Release|x86.Build.0 = Release|Any CPU
		{233DFC8C-3317-4913-AD39-0528856EA467}.Debug|Any CPU.ActiveCfg = Debug|Any CPU
		{233DFC8C-3317-4913-AD39-0528856EA467}.Debug|Any CPU.Build.0 = Debug|Any CPU
		{233DFC8C-3317-4913-AD39-0528856EA467}.Debug|x64.ActiveCfg = Debug|Any CPU
		{233DFC8C-3317-4913-AD39-0528856EA467}.Debug|x64.Build.0 = Debug|Any CPU
		{233DFC8C-3317-4913-AD39-0528856EA467}.Debug|x86.ActiveCfg = Debug|Any CPU
		{233DFC8C-3317-4913-AD39-0528856EA467}.Debug|x86.Build.0 = Debug|Any CPU
		{233DFC8C-3317-4913-AD39-0528856EA467}.Release|Any CPU.ActiveCfg = Release|Any CPU
		{233DFC8C-3317-4913-AD39-0528856EA467}.Release|Any CPU.Build.0 = Release|Any CPU
		{233DFC8C-3317-4913-AD39-0528856EA467}.Release|x64.ActiveCfg = Release|Any CPU
		{233DFC8C-3317-4913-AD39-0528856EA467}.Release|x64.Build.0 = Release|Any CPU
		{233DFC8C-3317-4913-AD39-0528856EA467}.Release|x86.ActiveCfg = Release|Any CPU
		{233DFC8C-3317-4913-AD39-0528856EA467}.Release|x86.Build.0 = Release|Any CPU
		{31B64BEE-F401-43A3-81F0-8BEE40DB52F3}.Debug|Any CPU.ActiveCfg = Debug|Any CPU
		{31B64BEE-F401-43A3-81F0-8BEE40DB52F3}.Debug|Any CPU.Build.0 = Debug|Any CPU
		{31B64BEE-F401-43A3-81F0-8BEE40DB52F3}.Debug|x64.ActiveCfg = Debug|Any CPU
		{31B64BEE-F401-43A3-81F0-8BEE40DB52F3}.Debug|x64.Build.0 = Debug|Any CPU
		{31B64BEE-F401-43A3-81F0-8BEE40DB52F3}.Debug|x86.ActiveCfg = Debug|Any CPU
		{31B64BEE-F401-43A3-81F0-8BEE40DB52F3}.Debug|x86.Build.0 = Debug|Any CPU
		{31B64BEE-F401-43A3-81F0-8BEE40DB52F3}.Release|Any CPU.ActiveCfg = Release|Any CPU
		{31B64BEE-F401-43A3-81F0-8BEE40DB52F3}.Release|Any CPU.Build.0 = Release|Any CPU
		{31B64BEE-F401-43A3-81F0-8BEE40DB52F3}.Release|x64.ActiveCfg = Release|Any CPU
		{31B64BEE-F401-43A3-81F0-8BEE40DB52F3}.Release|x64.Build.0 = Release|Any CPU
		{31B64BEE-F401-43A3-81F0-8BEE40DB52F3}.Release|x86.ActiveCfg = Release|Any CPU
		{31B64BEE-F401-43A3-81F0-8BEE40DB52F3}.Release|x86.Build.0 = Release|Any CPU
		{3C95F8D9-1A4C-4548-B9EF-470DE5EBC826}.Debug|Any CPU.ActiveCfg = Debug|Any CPU
		{3C95F8D9-1A4C-4548-B9EF-470DE5EBC826}.Debug|Any CPU.Build.0 = Debug|Any CPU
		{3C95F8D9-1A4C-4548-B9EF-470DE5EBC826}.Debug|x64.ActiveCfg = Debug|Any CPU
		{3C95F8D9-1A4C-4548-B9EF-470DE5EBC826}.Debug|x64.Build.0 = Debug|Any CPU
		{3C95F8D9-1A4C-4548-B9EF-470DE5EBC826}.Debug|x86.ActiveCfg = Debug|Any CPU
		{3C95F8D9-1A4C-4548-B9EF-470DE5EBC826}.Debug|x86.Build.0 = Debug|Any CPU
		{3C95F8D9-1A4C-4548-B9EF-470DE5EBC826}.Release|Any CPU.ActiveCfg = Release|Any CPU
		{3C95F8D9-1A4C-4548-B9EF-470DE5EBC826}.Release|Any CPU.Build.0 = Release|Any CPU
		{3C95F8D9-1A4C-4548-B9EF-470DE5EBC826}.Release|x64.ActiveCfg = Release|Any CPU
		{3C95F8D9-1A4C-4548-B9EF-470DE5EBC826}.Release|x64.Build.0 = Release|Any CPU
		{3C95F8D9-1A4C-4548-B9EF-470DE5EBC826}.Release|x86.ActiveCfg = Release|Any CPU
		{3C95F8D9-1A4C-4548-B9EF-470DE5EBC826}.Release|x86.Build.0 = Release|Any CPU
		{CD4C6DC2-F219-4B02-BE0A-BC34935FC5F4}.Debug|Any CPU.ActiveCfg = Debug|Any CPU
		{CD4C6DC2-F219-4B02-BE0A-BC34935FC5F4}.Debug|Any CPU.Build.0 = Debug|Any CPU
		{CD4C6DC2-F219-4B02-BE0A-BC34935FC5F4}.Debug|x64.ActiveCfg = Debug|Any CPU
		{CD4C6DC2-F219-4B02-BE0A-BC34935FC5F4}.Debug|x64.Build.0 = Debug|Any CPU
		{CD4C6DC2-F219-4B02-BE0A-BC34935FC5F4}.Debug|x86.ActiveCfg = Debug|Any CPU
		{CD4C6DC2-F219-4B02-BE0A-BC34935FC5F4}.Debug|x86.Build.0 = Debug|Any CPU
		{CD4C6DC2-F219-4B02-BE0A-BC34935FC5F4}.Release|Any CPU.ActiveCfg = Release|Any CPU
		{CD4C6DC2-F219-4B02-BE0A-BC34935FC5F4}.Release|Any CPU.Build.0 = Release|Any CPU
		{CD4C6DC2-F219-4B02-BE0A-BC34935FC5F4}.Release|x64.ActiveCfg = Release|Any CPU
		{CD4C6DC2-F219-4B02-BE0A-BC34935FC5F4}.Release|x64.Build.0 = Release|Any CPU
		{CD4C6DC2-F219-4B02-BE0A-BC34935FC5F4}.Release|x86.ActiveCfg = Release|Any CPU
		{CD4C6DC2-F219-4B02-BE0A-BC34935FC5F4}.Release|x86.Build.0 = Release|Any CPU
		{94C50642-8EFF-47BB-87E6-7A180A9A22BF}.Debug|Any CPU.ActiveCfg = Debug|Any CPU
		{94C50642-8EFF-47BB-87E6-7A180A9A22BF}.Debug|Any CPU.Build.0 = Debug|Any CPU
		{94C50642-8EFF-47BB-87E6-7A180A9A22BF}.Debug|x64.ActiveCfg = Debug|Any CPU
		{94C50642-8EFF-47BB-87E6-7A180A9A22BF}.Debug|x64.Build.0 = Debug|Any CPU
		{94C50642-8EFF-47BB-87E6-7A180A9A22BF}.Debug|x86.ActiveCfg = Debug|Any CPU
		{94C50642-8EFF-47BB-87E6-7A180A9A22BF}.Debug|x86.Build.0 = Debug|Any CPU
		{94C50642-8EFF-47BB-87E6-7A180A9A22BF}.Release|Any CPU.ActiveCfg = Release|Any CPU
		{94C50642-8EFF-47BB-87E6-7A180A9A22BF}.Release|Any CPU.Build.0 = Release|Any CPU
		{94C50642-8EFF-47BB-87E6-7A180A9A22BF}.Release|x64.ActiveCfg = Release|Any CPU
		{94C50642-8EFF-47BB-87E6-7A180A9A22BF}.Release|x64.Build.0 = Release|Any CPU
		{94C50642-8EFF-47BB-87E6-7A180A9A22BF}.Release|x86.ActiveCfg = Release|Any CPU
		{94C50642-8EFF-47BB-87E6-7A180A9A22BF}.Release|x86.Build.0 = Release|Any CPU
		{9E86FBF4-406F-4B17-BA92-0931D2B95DF8}.Debug|Any CPU.ActiveCfg = Debug|Any CPU
		{9E86FBF4-406F-4B17-BA92-0931D2B95DF8}.Debug|Any CPU.Build.0 = Debug|Any CPU
		{9E86FBF4-406F-4B17-BA92-0931D2B95DF8}.Debug|x64.ActiveCfg = Debug|Any CPU
		{9E86FBF4-406F-4B17-BA92-0931D2B95DF8}.Debug|x64.Build.0 = Debug|Any CPU
		{9E86FBF4-406F-4B17-BA92-0931D2B95DF8}.Debug|x86.ActiveCfg = Debug|Any CPU
		{9E86FBF4-406F-4B17-BA92-0931D2B95DF8}.Debug|x86.Build.0 = Debug|Any CPU
		{9E86FBF4-406F-4B17-BA92-0931D2B95DF8}.Release|Any CPU.ActiveCfg = Release|Any CPU
		{9E86FBF4-406F-4B17-BA92-0931D2B95DF8}.Release|Any CPU.Build.0 = Release|Any CPU
		{9E86FBF4-406F-4B17-BA92-0931D2B95DF8}.Release|x64.ActiveCfg = Release|Any CPU
		{9E86FBF4-406F-4B17-BA92-0931D2B95DF8}.Release|x64.Build.0 = Release|Any CPU
		{9E86FBF4-406F-4B17-BA92-0931D2B95DF8}.Release|x86.ActiveCfg = Release|Any CPU
		{9E86FBF4-406F-4B17-BA92-0931D2B95DF8}.Release|x86.Build.0 = Release|Any CPU
		{15E1051E-379F-40AD-953B-C76022A80873}.Debug|Any CPU.ActiveCfg = Debug|Any CPU
		{15E1051E-379F-40AD-953B-C76022A80873}.Debug|Any CPU.Build.0 = Debug|Any CPU
		{15E1051E-379F-40AD-953B-C76022A80873}.Debug|x64.ActiveCfg = Debug|Any CPU
		{15E1051E-379F-40AD-953B-C76022A80873}.Debug|x64.Build.0 = Debug|Any CPU
		{15E1051E-379F-40AD-953B-C76022A80873}.Debug|x86.ActiveCfg = Debug|Any CPU
		{15E1051E-379F-40AD-953B-C76022A80873}.Debug|x86.Build.0 = Debug|Any CPU
		{15E1051E-379F-40AD-953B-C76022A80873}.Release|Any CPU.ActiveCfg = Release|Any CPU
		{15E1051E-379F-40AD-953B-C76022A80873}.Release|Any CPU.Build.0 = Release|Any CPU
		{15E1051E-379F-40AD-953B-C76022A80873}.Release|x64.ActiveCfg = Release|Any CPU
		{15E1051E-379F-40AD-953B-C76022A80873}.Release|x64.Build.0 = Release|Any CPU
		{15E1051E-379F-40AD-953B-C76022A80873}.Release|x86.ActiveCfg = Release|Any CPU
		{15E1051E-379F-40AD-953B-C76022A80873}.Release|x86.Build.0 = Release|Any CPU
	EndGlobalSection
	GlobalSection(SolutionProperties) = preSolution
		HideSolutionNode = FALSE
	EndGlobalSection
	GlobalSection(NestedProjects) = preSolution
		{F65C9245-83E0-4EF9-9401-7E45A69AF8C4} = {7AE34F65-D84D-4CFF-B1D8-94AA343737B3}
		{C86A75D5-4710-47EC-9AFC-5BE09E245AA2} = {7AE34F65-D84D-4CFF-B1D8-94AA343737B3}
		{233DFC8C-3317-4913-AD39-0528856EA467} = {7AE34F65-D84D-4CFF-B1D8-94AA343737B3}
		{31B64BEE-F401-43A3-81F0-8BEE40DB52F3} = {7AE34F65-D84D-4CFF-B1D8-94AA343737B3}
		{C13192CC-C0BA-4761-BEA8-2E0801CFAFEC} = {7AE34F65-D84D-4CFF-B1D8-94AA343737B3}
		{3C95F8D9-1A4C-4548-B9EF-470DE5EBC826} = {C13192CC-C0BA-4761-BEA8-2E0801CFAFEC}
		{CD4C6DC2-F219-4B02-BE0A-BC34935FC5F4} = {C13192CC-C0BA-4761-BEA8-2E0801CFAFEC}
		{94C50642-8EFF-47BB-87E6-7A180A9A22BF} = {7AE34F65-D84D-4CFF-B1D8-94AA343737B3}
		{9E86FBF4-406F-4B17-BA92-0931D2B95DF8} = {4C46DFD5-5B54-45C5-9EEA-176CB2FEEC3A}
		{15E1051E-379F-40AD-953B-C76022A80873} = {E0FC68D3-40F2-542A-6A90-38B94336C1AE}
	EndGlobalSection
EndGlobal
